
Microsoft Visual Studio Solution File, Format Version 12.00
# Visual Studio 15
VisualStudioVersion = 15.0.27428.2037
MinimumVisualStudioVersion = 10.0.40219.1
Project("{FAE04EC0-301F-11D3-BF4B-00C04F79EFBC}") = "01.Practice Integer Numbers", "01.Practice Integer Numbers\01.Practice Integer Numbers.csproj", "{E64DE389-E3A6-49BA-A1B3-27763F81E3B0}"
EndProject
Project("{FAE04EC0-301F-11D3-BF4B-00C04F79EFBC}") = "02.Practice Floating Point Nums", "02.Practice Floating Point Nums\02.Practice Floating Point Nums.csproj", "{737D842A-FBED-42C6-A449-6824FA219258}"
EndProject
Project("{FAE04EC0-301F-11D3-BF4B-00C04F79EFBC}") = "03.Exchange Variable Values", "03.Exchange Variable Values\03.Exchange Variable Values.csproj", "{1C5D6570-D136-494B-9A10-C452CE5CED8B}"
EndProject
Project("{FAE04EC0-301F-11D3-BF4B-00C04F79EFBC}") = "04.Float or Integer", "04.Float or Integer\04.Float or Integer.csproj", "{CF569A94-3878-46C2-A347-190AAE86D064}"
EndProject
Project("{FAE04EC0-301F-11D3-BF4B-00C04F79EFBC}") = "05.Distance of the Stars", "05.Distance of the Stars\05.Distance of the Stars.csproj", "{A04D71D8-4A54-45AE-89EA-122A78E47A7B}"
EndProject
Project("{FAE04EC0-301F-11D3-BF4B-00C04F79EFBC}") = "06.Increment Variable", "06.Increment Variable\06.Increment Variable.csproj", "{CCABC7E9-C54D-4A8A-BA91-3DFFA9001C3E}"
EndProject
Project("{FAE04EC0-301F-11D3-BF4B-00C04F79EFBC}") = "07.From Terabytes to Bits", "07.From Terabytes to Bits\07.From Terabytes to Bits.csproj", "{EC2C8061-BB8E-4C44-A1FC-0E80789CF3E8}"
EndProject
Project("{FAE04EC0-301F-11D3-BF4B-00C04F79EFBC}") = "08.Traveling At Light Speed", "08.Traveling At Light Speed\08.Traveling At Light Speed.csproj", "{DA78DB2F-8586-46B7-B69A-4EF461A36090}"
EndProject
Project("{FAE04EC0-301F-11D3-BF4B-00C04F79EFBC}") = "09.PracticeCharactersAndStrings", "09.PracticeCharactersAndStrings\09.PracticeCharactersAndStrings.csproj", "{DEAED84C-F72D-432E-A5C2-EB3E18E77D4C}"
EndProject
Project("{FAE04EC0-301F-11D3-BF4B-00C04F79EFBC}") = "10.VariableInHexadecimalFormat", "10.VariableInHexadecimalFormat\10.VariableInHexadecimalFormat.csproj", "{382C97E9-7E65-4576-A707-5330E5DBF227}"
EndProject
Project("{FAE04EC0-301F-11D3-BF4B-00C04F79EFBC}") = "11.Digits with Words", "11.Digits with Words\11.Digits with Words.csproj", "{4C355AA9-7ED6-4452-8AE2-184E3D29E106}"
EndProject
Project("{FAE04EC0-301F-11D3-BF4B-00C04F79EFBC}") = "12.ASCII String", "12.ASCII String\12.ASCII String.csproj", "{FD93DC70-7BFA-4FBA-BF71-A39E79ACB1F0}"
EndProject
Project("{FAE04EC0-301F-11D3-BF4B-00C04F79EFBC}") = "13.Calculator", "13.Calculator\13.Calculator.csproj", "{5C14FE8E-D40D-4F15-91E8-955C8C42A80D}"
EndProject
Project("{FAE04EC0-301F-11D3-BF4B-00C04F79EFBC}") = "14.Tricky Strings", "14.Tricky Strings\14.Tricky Strings.csproj", "{E839F086-E9B6-4C54-A728-53737BC18659}"
EndProject
Global
	GlobalSection(SolutionConfigurationPlatforms) = preSolution
		Debug|Any CPU = Debug|Any CPU
		Release|Any CPU = Release|Any CPU
	EndGlobalSection
	GlobalSection(ProjectConfigurationPlatforms) = postSolution
		{E64DE389-E3A6-49BA-A1B3-27763F81E3B0}.Debug|Any CPU.ActiveCfg = Debug|Any CPU
		{E64DE389-E3A6-49BA-A1B3-27763F81E3B0}.Debug|Any CPU.Build.0 = Debug|Any CPU
		{E64DE389-E3A6-49BA-A1B3-27763F81E3B0}.Release|Any CPU.ActiveCfg = Release|Any CPU
		{E64DE389-E3A6-49BA-A1B3-27763F81E3B0}.Release|Any CPU.Build.0 = Release|Any CPU
		{737D842A-FBED-42C6-A449-6824FA219258}.Debug|Any CPU.ActiveCfg = Debug|Any CPU
		{737D842A-FBED-42C6-A449-6824FA219258}.Debug|Any CPU.Build.0 = Debug|Any CPU
		{737D842A-FBED-42C6-A449-6824FA219258}.Release|Any CPU.ActiveCfg = Release|Any CPU
		{737D842A-FBED-42C6-A449-6824FA219258}.Release|Any CPU.Build.0 = Release|Any CPU
		{1C5D6570-D136-494B-9A10-C452CE5CED8B}.Debug|Any CPU.ActiveCfg = Debug|Any CPU
		{1C5D6570-D136-494B-9A10-C452CE5CED8B}.Debug|Any CPU.Build.0 = Debug|Any CPU
		{1C5D6570-D136-494B-9A10-C452CE5CED8B}.Release|Any CPU.ActiveCfg = Release|Any CPU
		{1C5D6570-D136-494B-9A10-C452CE5CED8B}.Release|Any CPU.Build.0 = Release|Any CPU
		{CF569A94-3878-46C2-A347-190AAE86D064}.Debug|Any CPU.ActiveCfg = Debug|Any CPU
		{CF569A94-3878-46C2-A347-190AAE86D064}.Debug|Any CPU.Build.0 = Debug|Any CPU
		{CF569A94-3878-46C2-A347-190AAE86D064}.Release|Any CPU.ActiveCfg = Release|Any CPU
		{CF569A94-3878-46C2-A347-190AAE86D064}.Release|Any CPU.Build.0 = Release|Any CPU
		{A04D71D8-4A54-45AE-89EA-122A78E47A7B}.Debug|Any CPU.ActiveCfg = Debug|Any CPU
		{A04D71D8-4A54-45AE-89EA-122A78E47A7B}.Debug|Any CPU.Build.0 = Debug|Any CPU
		{A04D71D8-4A54-45AE-89EA-122A78E47A7B}.Release|Any CPU.ActiveCfg = Release|Any CPU
		{A04D71D8-4A54-45AE-89EA-122A78E47A7B}.Release|Any CPU.Build.0 = Release|Any CPU
		{CCABC7E9-C54D-4A8A-BA91-3DFFA9001C3E}.Debug|Any CPU.ActiveCfg = Debug|Any CPU
		{CCABC7E9-C54D-4A8A-BA91-3DFFA9001C3E}.Debug|Any CPU.Build.0 = Debug|Any CPU
		{CCABC7E9-C54D-4A8A-BA91-3DFFA9001C3E}.Release|Any CPU.ActiveCfg = Release|Any CPU
		{CCABC7E9-C54D-4A8A-BA91-3DFFA9001C3E}.Release|Any CPU.Build.0 = Release|Any CPU
		{EC2C8061-BB8E-4C44-A1FC-0E80789CF3E8}.Debug|Any CPU.ActiveCfg = Debug|Any CPU
		{EC2C8061-BB8E-4C44-A1FC-0E80789CF3E8}.Debug|Any CPU.Build.0 = Debug|Any CPU
		{EC2C8061-BB8E-4C44-A1FC-0E80789CF3E8}.Release|Any CPU.ActiveCfg = Release|Any CPU
		{EC2C8061-BB8E-4C44-A1FC-0E80789CF3E8}.Release|Any CPU.Build.0 = Release|Any CPU
		{DA78DB2F-8586-46B7-B69A-4EF461A36090}.Debug|Any CPU.ActiveCfg = Debug|Any CPU
		{DA78DB2F-8586-46B7-B69A-4EF461A36090}.Debug|Any CPU.Build.0 = Debug|Any CPU
		{DA78DB2F-8586-46B7-B69A-4EF461A36090}.Release|Any CPU.ActiveCfg = Release|Any CPU
		{DA78DB2F-8586-46B7-B69A-4EF461A36090}.Release|Any CPU.Build.0 = Release|Any CPU
		{DEAED84C-F72D-432E-A5C2-EB3E18E77D4C}.Debug|Any CPU.ActiveCfg = Debug|Any CPU
		{DEAED84C-F72D-432E-A5C2-EB3E18E77D4C}.Debug|Any CPU.Build.0 = Debug|Any CPU
		{DEAED84C-F72D-432E-A5C2-EB3E18E77D4C}.Release|Any CPU.ActiveCfg = Release|Any CPU
		{DEAED84C-F72D-432E-A5C2-EB3E18E77D4C}.Release|Any CPU.Build.0 = Release|Any CPU
		{382C97E9-7E65-4576-A707-5330E5DBF227}.Debug|Any CPU.ActiveCfg = Debug|Any CPU
		{382C97E9-7E65-4576-A707-5330E5DBF227}.Debug|Any CPU.Build.0 = Debug|Any CPU
		{382C97E9-7E65-4576-A707-5330E5DBF227}.Release|Any CPU.ActiveCfg = Release|Any CPU
		{382C97E9-7E65-4576-A707-5330E5DBF227}.Release|Any CPU.Build.0 = Release|Any CPU
		{4C355AA9-7ED6-4452-8AE2-184E3D29E106}.Debug|Any CPU.ActiveCfg = Debug|Any CPU
		{4C355AA9-7ED6-4452-8AE2-184E3D29E106}.Debug|Any CPU.Build.0 = Debug|Any CPU
		{4C355AA9-7ED6-4452-8AE2-184E3D29E106}.Release|Any CPU.ActiveCfg = Release|Any CPU
		{4C355AA9-7ED6-4452-8AE2-184E3D29E106}.Release|Any CPU.Build.0 = Release|Any CPU
		{FD93DC70-7BFA-4FBA-BF71-A39E79ACB1F0}.Debug|Any CPU.ActiveCfg = Debug|Any CPU
		{FD93DC70-7BFA-4FBA-BF71-A39E79ACB1F0}.Debug|Any CPU.Build.0 = Debug|Any CPU
		{FD93DC70-7BFA-4FBA-BF71-A39E79ACB1F0}.Release|Any CPU.ActiveCfg = Release|Any CPU
		{FD93DC70-7BFA-4FBA-BF71-A39E79ACB1F0}.Release|Any CPU.Build.0 = Release|Any CPU
		{5C14FE8E-D40D-4F15-91E8-955C8C42A80D}.Debug|Any CPU.ActiveCfg = Debug|Any CPU
		{5C14FE8E-D40D-4F15-91E8-955C8C42A80D}.Debug|Any CPU.Build.0 = Debug|Any CPU
		{5C14FE8E-D40D-4F15-91E8-955C8C42A80D}.Release|Any CPU.ActiveCfg = Release|Any CPU
		{5C14FE8E-D40D-4F15-91E8-955C8C42A80D}.Release|Any CPU.Build.0 = Release|Any CPU
		{E839F086-E9B6-4C54-A728-53737BC18659}.Debug|Any CPU.ActiveCfg = Debug|Any CPU
		{E839F086-E9B6-4C54-A728-53737BC18659}.Debug|Any CPU.Build.0 = Debug|Any CPU
		{E839F086-E9B6-4C54-A728-53737BC18659}.Release|Any CPU.ActiveCfg = Release|Any CPU
		{E839F086-E9B6-4C54-A728-53737BC18659}.Release|Any CPU.Build.0 = Release|Any CPU
	EndGlobalSection
	GlobalSection(SolutionProperties) = preSolution
		HideSolutionNode = FALSE
	EndGlobalSection
	GlobalSection(ExtensibilityGlobals) = postSolution
		SolutionGuid = {CE874069-2126-4C5D-8F68-96E61B115132}
	EndGlobalSection
EndGlobal
