
Microsoft Visual Studio Solution File, Format Version 12.00
# Visual Studio 15
VisualStudioVersion = 15.0.28010.2016
MinimumVisualStudioVersion = 10.0.40219.1
Project("{FAE04EC0-301F-11D3-BF4B-00C04F79EFBC}") = "01.Min, Max, Sum, Average", "01.Min, Max, Sum, Average\01.Min, Max, Sum, Average.csproj", "{7809E1AF-1B5A-4B51-A1B8-03B7B0814D51}"
EndProject
Project("{FAE04EC0-301F-11D3-BF4B-00C04F79EFBC}") = "02.Largest 3 Numbers", "02.Largest 3 Numbers\02.Largest 3 Numbers.csproj", "{5AABDEA9-AB41-493A-9330-E3E757ABA6B6}"
EndProject
Project("{FAE04EC0-301F-11D3-BF4B-00C04F79EFBC}") = "03.Short Words Sorted", "03.Short Words Sorted\03.Short Words Sorted.csproj", "{A9463100-8140-4C63-BE9A-A68A102B178E}"
EndProject
Project("{FAE04EC0-301F-11D3-BF4B-00C04F79EFBC}") = "04.Fold and Sum", "04.Fold and Sum\04.Fold and Sum.csproj", "{A001CC44-E9D1-4F23-9650-BE96C674342D}"
EndProject
Global
	GlobalSection(SolutionConfigurationPlatforms) = preSolution
		Debug|Any CPU = Debug|Any CPU
		Release|Any CPU = Release|Any CPU
	EndGlobalSection
	GlobalSection(ProjectConfigurationPlatforms) = postSolution
		{7809E1AF-1B5A-4B51-A1B8-03B7B0814D51}.Debug|Any CPU.ActiveCfg = Debug|Any CPU
		{7809E1AF-1B5A-4B51-A1B8-03B7B0814D51}.Debug|Any CPU.Build.0 = Debug|Any CPU
		{7809E1AF-1B5A-4B51-A1B8-03B7B0814D51}.Release|Any CPU.ActiveCfg = Release|Any CPU
		{7809E1AF-1B5A-4B51-A1B8-03B7B0814D51}.Release|Any CPU.Build.0 = Release|Any CPU
		{5AABDEA9-AB41-493A-9330-E3E757ABA6B6}.Debug|Any CPU.ActiveCfg = Debug|Any CPU
		{5AABDEA9-AB41-493A-9330-E3E757ABA6B6}.Debug|Any CPU.Build.0 = Debug|Any CPU
		{5AABDEA9-AB41-493A-9330-E3E757ABA6B6}.Release|Any CPU.ActiveCfg = Release|Any CPU
		{5AABDEA9-AB41-493A-9330-E3E757ABA6B6}.Release|Any CPU.Build.0 = Release|Any CPU
		{A9463100-8140-4C63-BE9A-A68A102B178E}.Debug|Any CPU.ActiveCfg = Debug|Any CPU
		{A9463100-8140-4C63-BE9A-A68A102B178E}.Debug|Any CPU.Build.0 = Debug|Any CPU
		{A9463100-8140-4C63-BE9A-A68A102B178E}.Release|Any CPU.ActiveCfg = Release|Any CPU
		{A9463100-8140-4C63-BE9A-A68A102B178E}.Release|Any CPU.Build.0 = Release|Any CPU
		{A001CC44-E9D1-4F23-9650-BE96C674342D}.Debug|Any CPU.ActiveCfg = Debug|Any CPU
		{A001CC44-E9D1-4F23-9650-BE96C674342D}.Debug|Any CPU.Build.0 = Debug|Any CPU
		{A001CC44-E9D1-4F23-9650-BE96C674342D}.Release|Any CPU.ActiveCfg = Release|Any CPU
		{A001CC44-E9D1-4F23-9650-BE96C674342D}.Release|Any CPU.Build.0 = Release|Any CPU
	EndGlobalSection
	GlobalSection(SolutionProperties) = preSolution
		HideSolutionNode = FALSE
	EndGlobalSection
	GlobalSection(ExtensibilityGlobals) = postSolution
		SolutionGuid = {416C8E6E-34DC-45F6-8FA8-D78119736185}
	EndGlobalSection
EndGlobal
